
Microsoft Visual Studio Solution File, Format Version 12.00
# Visual Studio Version 17
VisualStudioVersion = 17.9.34607.119
MinimumVisualStudioVersion = 10.0.40219.1
Project("{8BC9CEB8-8B4A-11D0-8D11-00A0C91BC942}") = "MyHomeWork(Hous)", "MyHomeWork(Hous)\MyHomeWork(Hous).vcxproj", "{21E47CE1-D1C9-4612-ACB2-AC7BC8FCCA75}"
EndProject
Global
	GlobalSection(SolutionConfigurationPlatforms) = preSolution
		Debug|x64 = Debug|x64
		Debug|x86 = Debug|x86
		Release|x64 = Release|x64
		Release|x86 = Release|x86
	EndGlobalSection
	GlobalSection(ProjectConfigurationPlatforms) = postSolution
		{21E47CE1-D1C9-4612-ACB2-AC7BC8FCCA75}.Debug|x64.ActiveCfg = Debug|x64
		{21E47CE1-D1C9-4612-ACB2-AC7BC8FCCA75}.Debug|x64.Build.0 = Debug|x64
		{21E47CE1-D1C9-4612-ACB2-AC7BC8FCCA75}.Debug|x86.ActiveCfg = Debug|Win32
		{21E47CE1-D1C9-4612-ACB2-AC7BC8FCCA75}.Debug|x86.Build.0 = Debug|Win32
		{21E47CE1-D1C9-4612-ACB2-AC7BC8FCCA75}.Release|x64.ActiveCfg = Release|x64
		{21E47CE1-D1C9-4612-ACB2-AC7BC8FCCA75}.Release|x64.Build.0 = Release|x64
		{21E47CE1-D1C9-4612-ACB2-AC7BC8FCCA75}.Release|x86.ActiveCfg = Release|Win32
		{21E47CE1-D1C9-4612-ACB2-AC7BC8FCCA75}.Release|x86.Build.0 = Release|Win32
	EndGlobalSection
	GlobalSection(SolutionProperties) = preSolution
		HideSolutionNode = FALSE
	EndGlobalSection
	GlobalSection(ExtensibilityGlobals) = postSolution
		SolutionGuid = {9B344C35-6995-4BF0-94D6-2194AD447BE0}
	EndGlobalSection
EndGlobal
